
Microsoft Visual Studio Solution File, Format Version 12.00
# Visual Studio 15
VisualStudioVersion = 15.0.28010.2036
MinimumVisualStudioVersion = 10.0.40219.1
Project("{FAE04EC0-301F-11D3-BF4B-00C04F79EFBC}") = "AddInConfigJson", "AddInConfig\AddInConfigJson.csproj", "{3A21CC5D-FD46-4B0E-95DF-019F8FA7D055}"
EndProject
Project("{FAE04EC0-301F-11D3-BF4B-00C04F79EFBC}") = "ConsoleApp1", "ConsoleApp1\ConsoleApp1.csproj", "{BD516530-6A8B-4F16-8340-B8805FBD7F1E}"
EndProject
Project("{FAE04EC0-301F-11D3-BF4B-00C04F79EFBC}") = "WindowsFormsApp1", "WindowsFormsApp1\WindowsFormsApp1.csproj", "{AB9392C0-789A-4064-BB8F-67111D2EE2AE}"
EndProject
Global
	GlobalSection(SolutionConfigurationPlatforms) = preSolution
		Debug|Any CPU = Debug|Any CPU
		Release|Any CPU = Release|Any CPU
	EndGlobalSection
	GlobalSection(ProjectConfigurationPlatforms) = postSolution
		{3A21CC5D-FD46-4B0E-95DF-019F8FA7D055}.Debug|Any CPU.ActiveCfg = Debug|Any CPU
		{3A21CC5D-FD46-4B0E-95DF-019F8FA7D055}.Debug|Any CPU.Build.0 = Debug|Any CPU
		{3A21CC5D-FD46-4B0E-95DF-019F8FA7D055}.Release|Any CPU.ActiveCfg = Release|Any CPU
		{3A21CC5D-FD46-4B0E-95DF-019F8FA7D055}.Release|Any CPU.Build.0 = Release|Any CPU
		{BD516530-6A8B-4F16-8340-B8805FBD7F1E}.Debug|Any CPU.ActiveCfg = Debug|Any CPU
		{BD516530-6A8B-4F16-8340-B8805FBD7F1E}.Debug|Any CPU.Build.0 = Debug|Any CPU
		{BD516530-6A8B-4F16-8340-B8805FBD7F1E}.Release|Any CPU.ActiveCfg = Release|Any CPU
		{BD516530-6A8B-4F16-8340-B8805FBD7F1E}.Release|Any CPU.Build.0 = Release|Any CPU
		{AB9392C0-789A-4064-BB8F-67111D2EE2AE}.Debug|Any CPU.ActiveCfg = Debug|Any CPU
		{AB9392C0-789A-4064-BB8F-67111D2EE2AE}.Debug|Any CPU.Build.0 = Debug|Any CPU
		{AB9392C0-789A-4064-BB8F-67111D2EE2AE}.Release|Any CPU.ActiveCfg = Release|Any CPU
		{AB9392C0-789A-4064-BB8F-67111D2EE2AE}.Release|Any CPU.Build.0 = Release|Any CPU
	EndGlobalSection
	GlobalSection(SolutionProperties) = preSolution
		HideSolutionNode = FALSE
	EndGlobalSection
	GlobalSection(ExtensibilityGlobals) = postSolution
		SolutionGuid = {32C361D4-0B28-4F42-8A7C-73270588666E}
	EndGlobalSection
EndGlobal
